{
  "nodes": {
    "flake-compat": {
      "flake": false,
      "locked": {
        "lastModified": 1765121682,
        "narHash": "sha256-4VBOP18BFeiPkyhy9o4ssBNQEvfvv1kXkasAYd0+rrA=",
        "owner": "NixOS",
        "repo": "flake-compat",
        "rev": "65f23138d8d09a92e30f1e5c87611b23ef451bf3",
        "type": "github"
      },
      "original": {
        "owner": "NixOS",
        "repo": "flake-compat",
        "type": "github"
      }
    },
    "nixpkgs": {
      "locked": {
        "lastModified": 1761922107,
        "narHash": "sha256-I+/1ozAhabrUTXLb34F8KAggVd7ESctwk2eLaeopiXA=",
        "owner": "NixOS",
        "repo": "nixpkgs",
        "rev": "f20b5685cdd4c5889497710a1c23e51debd8e73b",
        "type": "github"
      },
      "original": {
        "owner": "NixOS",
        "repo": "nixpkgs",
        "type": "github"
      }
    },
    "root": {
      "inputs": {
        "flake-compat": "flake-compat",
        "nixpkgs": "nixpkgs"
      }
    }
  },
  "root": "root",
  "version": 7
}
